
Microsoft Visual Studio Solution File, Format Version 12.00
# Visual Studio Version 16
VisualStudioVersion = 16.0.28803.156
MinimumVisualStudioVersion = 10.0.40219.1
Project("{FAE04EC0-301F-11D3-BF4B-00C04F79EFBC}") = "Asp.NetCoffeeTool", "Asp.NetCoffeeTool\Asp.NetCoffeeTool.csproj", "{BFA76ADF-F3CE-40CF-A54A-D62D5D76DD54}"
EndProject
Global
	GlobalSection(SolutionConfigurationPlatforms) = preSolution
		Debug|Any CPU = Debug|Any CPU
		Release|Any CPU = Release|Any CPU
	EndGlobalSection
	GlobalSection(ProjectConfigurationPlatforms) = postSolution
		{BFA76ADF-F3CE-40CF-A54A-D62D5D76DD54}.Debug|Any CPU.ActiveCfg = Debug|Any CPU
		{BFA76ADF-F3CE-40CF-A54A-D62D5D76DD54}.Debug|Any CPU.Build.0 = Debug|Any CPU
		{BFA76ADF-F3CE-40CF-A54A-D62D5D76DD54}.Release|Any CPU.ActiveCfg = Release|Any CPU
		{BFA76ADF-F3CE-40CF-A54A-D62D5D76DD54}.Release|Any CPU.Build.0 = Release|Any CPU
	EndGlobalSection
	GlobalSection(SolutionProperties) = preSolution
		HideSolutionNode = FALSE
	EndGlobalSection
	GlobalSection(ExtensibilityGlobals) = postSolution
		SolutionGuid = {A0ED1C30-3D6E-4F95-8932-67ECF5502586}
	EndGlobalSection
EndGlobal
